
Microsoft Visual Studio Solution File, Format Version 12.00
# Visual Studio Version 17
VisualStudioVersion = 17.2.32630.192
MinimumVisualStudioVersion = 10.0.40219.1
Project("{9A19103F-16F7-4668-BE54-9A1E7A4F7556}") = "ExtDb", "ExtDb.csproj", "{22FAB886-B0DF-46CB-B80B-3684D87C9A39}"
EndProject
Global
	GlobalSection(SolutionConfigurationPlatforms) = preSolution
		Debug|Any CPU = Debug|Any CPU
		Release|Any CPU = Release|Any CPU
	EndGlobalSection
	GlobalSection(ProjectConfigurationPlatforms) = postSolution
		{22FAB886-B0DF-46CB-B80B-3684D87C9A39}.Debug|Any CPU.ActiveCfg = Debug|Any CPU
		{22FAB886-B0DF-46CB-B80B-3684D87C9A39}.Debug|Any CPU.Build.0 = Debug|Any CPU
		{22FAB886-B0DF-46CB-B80B-3684D87C9A39}.Release|Any CPU.ActiveCfg = Release|Any CPU
		{22FAB886-B0DF-46CB-B80B-3684D87C9A39}.Release|Any CPU.Build.0 = Release|Any CPU
	EndGlobalSection
	GlobalSection(SolutionProperties) = preSolution
		HideSolutionNode = FALSE
	EndGlobalSection
	GlobalSection(ExtensibilityGlobals) = postSolution
		SolutionGuid = {6FB654F7-C3DA-475C-8B96-3D898ADFEAAD}
	EndGlobalSection
EndGlobal
